// !$*UTF8*$!
{
	archiveVersion = 1;
	classes = {
	};
	objectVersion = 56;
	objects = {

/* Begin PBXBuildFile section */
		D8E6F1AF2C81068900F57314 /* AppDelegate.swift in Sources */ = {isa = PBXBuildFile; fileRef = D8E6F1AE2C81068900F57314 /* AppDelegate.swift */; };
		D8E6F1B12C81068900F57314 /* SceneDelegate.swift in Sources */ = {isa = PBXBuildFile; fileRef = D8E6F1B02C81068900F57314 /* SceneDelegate.swift */; };
		D8E6F1B32C81068900F57314 /* ViewController.swift in Sources */ = {isa = PBXBuildFile; fileRef = D8E6F1B22C81068900F57314 /* ViewController.swift */; };
		D8E6F1B62C81068900F57314 /* Base in Resources */ = {isa = PBXBuildFile; fileRef = D8E6F1B52C81068900F57314 /* Base */; };
		D8E6F1B82C81068A00F57314 /* Assets.xcassets in Resources */ = {isa = PBXBuildFile; fileRef = D8E6F1B72C81068A00F57314 /* Assets.xcassets */; };
		D8E6F1BB2C81068A00F57314 /* Base in Resources */ = {isa = PBXBuildFile; fileRef = D8E6F1BA2C81068A00F57314 /* Base */; };
		D8E6F1C62C81068A00F57314 /* InstagramCloneFirebaseTests.swift in Sources */ = {isa = PBXBuildFile; fileRef = D8E6F1C52C81068A00F57314 /* InstagramCloneFirebaseTests.swift */; };
		D8E6F1D02C81068A00F57314 /* InstagramCloneFirebaseUITests.swift in Sources */ = {isa = PBXBuildFile; fileRef = D8E6F1CF2C81068A00F57314 /* InstagramCloneFirebaseUITests.swift */; };
		D8E6F1D22C81068A00F57314 /* InstagramCloneFirebaseUITestsLaunchTests.swift in Sources */ = {isa = PBXBuildFile; fileRef = D8E6F1D12C81068A00F57314 /* InstagramCloneFirebaseUITestsLaunchTests.swift */; };
/* End PBXBuildFile section */

/* Begin PBXContainerItemProxy section */
		D8E6F1C22C81068A00F57314 /* PBXContainerItemProxy */ = {
			isa = PBXContainerItemProxy;
			containerPortal = D8E6F1A32C81068900F57314 /* Project object */;
			proxyType = 1;
			remoteGlobalIDString = D8E6F1AA2C81068900F57314;
			remoteInfo = InstagramCloneFirebase;
		};
		D8E6F1CC2C81068A00F57314 /* PBXContainerItemProxy */ = {
			isa = PBXContainerItemProxy;
			containerPortal = D8E6F1A32C81068900F57314 /* Project object */;
			proxyType = 1;
			remoteGlobalIDString = D8E6F1AA2C81068900F57314;
			remoteInfo = InstagramCloneFirebase;
		};
/* End PBXContainerItemProxy section */

/* Begin PBXFileReference section */
		D8E6F1AB2C81068900F57314 /* InstagramCloneFirebase.app */ = {isa = PBXFileReference; explicitFileType = wrapper.application; includeInIndex = 0; path = InstagramCloneFirebase.app; sourceTree = BUILT_PRODUCTS_DIR; };
		D8E6F1AE2C81068900F57314 /* AppDelegate.swift */ = {isa = PBXFileReference; lastKnownFileType = sourcecode.swift; path = AppDelegate.swift; sourceTree = "<group>"; };
		D8E6F1B02C81068900F57314 /* SceneDelegate.swift */ = {isa = PBXFileReference; lastKnownFileType = sourcecode.swift; path = SceneDelegate.swift; sourceTree = "<group>"; };
		D8E6F1B22C81068900F57314 /* ViewController.swift */ = {isa = PBXFileReference; lastKnownFileType = sourcecode.swift; path = ViewController.swift; sourceTree = "<group>"; };
		D8E6F1B52C81068900F57314 /* Base */ = {isa = PBXFileReference; lastKnownFileType = file.storyboard; name = Base; path = Base.lproj/Main.storyboard; sourceTree = "<group>"; };
		D8E6F1B72C81068A00F57314 /* Assets.xcassets */ = {isa = PBXFileReference; lastKnownFileType = folder.assetcatalog; path = Assets.xcassets; sourceTree = "<group>"; };
		D8E6F1BA2C81068A00F57314 /* Base */ = {isa = PBXFileReference; lastKnownFileType = file.storyboard; name = Base; path = Base.lproj/LaunchScreen.storyboard; sourceTree = "<group>"; };
		D8E6F1BC2C81068A00F57314 /* Info.plist */ = {isa = PBXFileReference; lastKnownFileType = text.plist.xml; path = Info.plist; sourceTree = "<group>"; };
		D8E6F1C12C81068A00F57314 /* InstagramCloneFirebaseTests.xctest */ = {isa = PBXFileReference; explicitFileType = wrapper.cfbundle; includeInIndex = 0; path = InstagramCloneFirebaseTests.xctest; sourceTree = BUILT_PRODUCTS_DIR; };
		D8E6F1C52C81068A00F57314 /* InstagramCloneFirebaseTests.swift */ = {isa = PBXFileReference; lastKnownFileType = sourcecode.swift; path = InstagramCloneFirebaseTests.swift; sourceTree = "<group>"; };
		D8E6F1CB2C81068A00F57314 /* InstagramCloneFirebaseUITests.xctest */ = {isa = PBXFileReference; explicitFileType = wrapper.cfbundle; includeInIndex = 0; path = InstagramCloneFirebaseUITests.xctest; sourceTree = BUILT_PRODUCTS_DIR; };
		D8E6F1CF2C81068A00F57314 /* InstagramCloneFirebaseUITests.swift */ = {isa = PBXFileReference; lastKnownFileType = sourcecode.swift; path = InstagramCloneFirebaseUITests.swift; sourceTree = "<group>"; };
		D8E6F1D12C81068A00F57314 /* InstagramCloneFirebaseUITestsLaunchTests.swift */ = {isa = PBXFileReference; lastKnownFileType = sourcecode.swift; path = InstagramCloneFirebaseUITestsLaunchTests.swift; sourceTree = "<group>"; };
/* End PBXFileReference section */

/* Begin PBXFrameworksBuildPhase section */
		D8E6F1A82C81068900F57314 /* Frameworks */ = {
			isa = PBXFrameworksBuildPhase;
			buildActionMask = 2147483647;
			files = (
			);
			runOnlyForDeploymentPostprocessing = 0;
		};
		D8E6F1BE2C81068A00F57314 /* Frameworks */ = {
			isa = PBXFrameworksBuildPhase;
			buildActionMask = 2147483647;
			files = (
			);
			runOnlyForDeploymentPostprocessing = 0;
		};
		D8E6F1C82C81068A00F57314 /* Frameworks */ = {
			isa = PBXFrameworksBuildPhase;
			buildActionMask = 2147483647;
			files = (
			);
			runOnlyForDeploymentPostprocessing = 0;
		};
/* End PBXFrameworksBuildPhase section */

/* Begin PBXGroup section */
		D8E6F1A22C81068900F57314 = {
			isa = PBXGroup;
			children = (
				D8E6F1AD2C81068900F57314 /* InstagramCloneFirebase */,
				D8E6F1C42C81068A00F57314 /* InstagramCloneFirebaseTests */,
				D8E6F1CE2C81068A00F57314 /* InstagramCloneFirebaseUITests */,
				D8E6F1AC2C81068900F57314 /* Products */,
			);
			sourceTree = "<group>";
		};
		D8E6F1AC2C81068900F57314 /* Products */ = {
			isa = PBXGroup;
			children = (
				D8E6F1AB2C81068900F57314 /* InstagramCloneFirebase.app */,
				D8E6F1C12C81068A00F57314 /* InstagramCloneFirebaseTests.xctest */,
				D8E6F1CB2C81068A00F57314 /* InstagramCloneFirebaseUITests.xctest */,
			);
			name = Products;
			sourceTree = "<group>";
		};
		D8E6F1AD2C81068900F57314 /* InstagramCloneFirebase */ = {
			isa = PBXGroup;
			children = (
				D8E6F1AE2C81068900F57314 /* AppDelegate.swift */,
				D8E6F1B02C81068900F57314 /* SceneDelegate.swift */,
				D8E6F1B22C81068900F57314 /* ViewController.swift */,
				D8E6F1B42C81068900F57314 /* Main.storyboard */,
				D8E6F1B72C81068A00F57314 /* Assets.xcassets */,
				D8E6F1B92C81068A00F57314 /* LaunchScreen.storyboard */,
				D8E6F1BC2C81068A00F57314 /* Info.plist */,
			);
			path = InstagramCloneFirebase;
			sourceTree = "<group>";
		};
		D8E6F1C42C81068A00F57314 /* InstagramCloneFirebaseTests */ = {
			isa = PBXGroup;
			children = (
				D8E6F1C52C81068A00F57314 /* InstagramCloneFirebaseTests.swift */,
			);
			path = InstagramCloneFirebaseTests;
			sourceTree = "<group>";
		};
		D8E6F1CE2C81068A00F57314 /* InstagramCloneFirebaseUITests */ = {
			isa = PBXGroup;
			children = (
				D8E6F1CF2C81068A00F57314 /* InstagramCloneFirebaseUITests.swift */,
				D8E6F1D12C81068A00F57314 /* InstagramCloneFirebaseUITestsLaunchTests.swift */,
			);
			path = InstagramCloneFirebaseUITests;
			sourceTree = "<group>";
		};
/* End PBXGroup section */

/* Begin PBXNativeTarget section */
		D8E6F1AA2C81068900F57314 /* InstagramCloneFirebase */ = {
			isa = PBXNativeTarget;
			buildConfigurationList = D8E6F1D52C81068A00F57314 /* Build configuration list for PBXNativeTarget "InstagramCloneFirebase" */;
			buildPhases = (
				D8E6F1A72C81068900F57314 /* Sources */,
				D8E6F1A82C81068900F57314 /* Frameworks */,
				D8E6F1A92C81068900F57314 /* Resources */,
			);
			buildRules = (
			);
			dependencies = (
			);
			name = InstagramCloneFirebase;
			productName = InstagramCloneFirebase;
			productReference = D8E6F1AB2C81068900F57314 /* InstagramCloneFirebase.app */;
			productType = "com.apple.product-type.application";
		};
		D8E6F1C02C81068A00F57314 /* InstagramCloneFirebaseTests */ = {
			isa = PBXNativeTarget;
			buildConfigurationList = D8E6F1D82C81068A00F57314 /* Build configuration list for PBXNativeTarget "InstagramCloneFirebaseTests" */;
			buildPhases = (
				D8E6F1BD2C81068A00F57314 /* Sources */,
				D8E6F1BE2C81068A00F57314 /* Frameworks */,
				D8E6F1BF2C81068A00F57314 /* Resources */,
			);
			buildRules = (
			);
			dependencies = (
				D8E6F1C32C81068A00F57314 /* PBXTargetDependency */,
			);
			name = InstagramCloneFirebaseTests;
			productName = InstagramCloneFirebaseTests;
			productReference = D8E6F1C12C81068A00F57314 /* InstagramCloneFirebaseTests.xctest */;
			productType = "com.apple.product-type.bundle.unit-test";
		};
		D8E6F1CA2C81068A00F57314 /* InstagramCloneFirebaseUITests */ = {
			isa = PBXNativeTarget;
			buildConfigurationList = D8E6F1DB2C81068A00F57314 /* Build configuration list for PBXNativeTarget "InstagramCloneFirebaseUITests" */;
			buildPhases = (
				D8E6F1C72C81068A00F57314 /* Sources */,
				D8E6F1C82C81068A00F57314 /* Frameworks */,
				D8E6F1C92C81068A00F57314 /* Resources */,
			);
			buildRules = (
			);
			dependencies = (
				D8E6F1CD2C81068A00F57314 /* PBXTargetDependency */,
			);
			name = InstagramCloneFirebaseUITests;
			productName = InstagramCloneFirebaseUITests;
			productReference = D8E6F1CB2C81068A00F57314 /* InstagramCloneFirebaseUITests.xctest */;
			productType = "com.apple.product-type.bundle.ui-testing";
		};
/* End PBXNativeTarget section */

/* Begin PBXProject section */
		D8E6F1A32C81068900F57314 /* Project object */ = {
			isa = PBXProject;
			attributes = {
				BuildIndependentTargetsInParallel = 1;
				LastSwiftUpdateCheck = 1540;
				LastUpgradeCheck = 1540;
				TargetAttributes = {
					D8E6F1AA2C81068900F57314 = {
						CreatedOnToolsVersion = 15.4;
					};
					D8E6F1C02C81068A00F57314 = {
						CreatedOnToolsVersion = 15.4;
						TestTargetID = D8E6F1AA2C81068900F57314;
					};
					D8E6F1CA2C81068A00F57314 = {
						CreatedOnToolsVersion = 15.4;
						TestTargetID = D8E6F1AA2C81068900F57314;
					};
				};
			};
			buildConfigurationList = D8E6F1A62C81068900F57314 /* Build configuration list for PBXProject "InstagramCloneFirebase" */;
			compatibilityVersion = "Xcode 14.0";
			developmentRegion = en;
			hasScannedForEncodings = 0;
			knownRegions = (
				en,
				Base,
			);
			mainGroup = D8E6F1A22C81068900F57314;
			productRefGroup = D8E6F1AC2C81068900F57314 /* Products */;
			projectDirPath = "";
			projectRoot = "";
			targets = (
				D8E6F1AA2C81068900F57314 /* InstagramCloneFirebase */,
				D8E6F1C02C81068A00F57314 /* InstagramCloneFirebaseTests */,
				D8E6F1CA2C81068A00F57314 /* InstagramCloneFirebaseUITests */,
			);
		};
/* End PBXProject section */

/* Begin PBXResourcesBuildPhase section */
		D8E6F1A92C81068900F57314 /* Resources */ = {
			isa = PBXResourcesBuildPhase;
			buildActionMask = 2147483647;
			files = (
				D8E6F1B82C81068A00F57314 /* Assets.xcassets in Resources */,
				D8E6F1BB2C81068A00F57314 /* Base in Resources */,
				D8E6F1B62C81068900F57314 /* Base in Resources */,
			);
			runOnlyForDeploymentPostprocessing = 0;
		};
		D8E6F1BF2C81068A00F57314 /* Resources */ = {
			isa = PBXResourcesBuildPhase;
			buildActionMask = 2147483647;
			files = (
			);
			runOnlyForDeploymentPostprocessing = 0;
		};
		D8E6F1C92C81068A00F57314 /* Resources */ = {
			isa = PBXResourcesBuildPhase;
			buildActionMask = 2147483647;
			files = (
			);
			runOnlyForDeploymentPostprocessing = 0;
		};
/* End PBXResourcesBuildPhase section */

/* Begin PBXSourcesBuildPhase section */
		D8E6F1A72C81068900F57314 /* Sources */ = {
			isa = PBXSourcesBuildPhase;
			buildActionMask = 2147483647;
			files = (
				D8E6F1B32C81068900F57314 /* ViewController.swift in Sources */,
				D8E6F1AF2C81068900F57314 /* AppDelegate.swift in Sources */,
				D8E6F1B12C81068900F57314 /* SceneDelegate.swift in Sources */,
			);
			runOnlyForDeploymentPostprocessing = 0;
		};
		D8E6F1BD2C81068A00F57314 /* Sources */ = {
			isa = PBXSourcesBuildPhase;
			buildActionMask = 2147483647;
			files = (
				D8E6F1C62C81068A00F57314 /* InstagramCloneFirebaseTests.swift in Sources */,
			);
			runOnlyForDeploymentPostprocessing = 0;
		};
		D8E6F1C72C81068A00F57314 /* Sources */ = {
			isa = PBXSourcesBuildPhase;
			buildActionMask = 2147483647;
			files = (
				D8E6F1D22C81068A00F57314 /* InstagramCloneFirebaseUITestsLaunchTests.swift in Sources */,
				D8E6F1D02C81068A00F57314 /* InstagramCloneFirebaseUITests.swift in Sources */,
			);
			runOnlyForDeploymentPostprocessing = 0;
		};
/* End PBXSourcesBuildPhase section */

/* Begin PBXTargetDependency section */
		D8E6F1C32C81068A00F57314 /* PBXTargetDependency */ = {
			isa = PBXTargetDependency;
			target = D8E6F1AA2C81068900F57314 /* InstagramCloneFirebase */;
			targetProxy = D8E6F1C22C81068A00F57314 /* PBXContainerItemProxy */;
		};
		D8E6F1CD2C81068A00F57314 /* PBXTargetDependency */ = {
			isa = PBXTargetDependency;
			target = D8E6F1AA2C81068900F57314 /* InstagramCloneFirebase */;
			targetProxy = D8E6F1CC2C81068A00F57314 /* PBXContainerItemProxy */;
		};
/* End PBXTargetDependency section */

/* Begin PBXVariantGroup section */
		D8E6F1B42C81068900F57314 /* Main.storyboard */ = {
			isa = PBXVariantGroup;
			children = (
				D8E6F1B52C81068900F57314 /* Base */,
			);
			name = Main.storyboard;
			sourceTree = "<group>";
		};
		D8E6F1B92C81068A00F57314 /* LaunchScreen.storyboard */ = {
			isa = PBXVariantGroup;
			children = (
				D8E6F1BA2C81068A00F57314 /* Base */,
			);
			name = LaunchScreen.storyboard;
			sourceTree = "<group>";
		};
/* End PBXVariantGroup section */

/* Begin XCBuildConfiguration section */
		D8E6F1D32C81068A00F57314 /* Debug */ = {
			isa = XCBuildConfiguration;
			buildSettings = {
				ALWAYS_SEARCH_USER_PATHS = NO;
				ASSETCATALOG_COMPILER_GENERATE_SWIFT_ASSET_SYMBOL_EXTENSIONS = YES;
				CLANG_ANALYZER_NONNULL = YES;
				CLANG_ANALYZER_NUMBER_OBJECT_CONVERSION = YES_AGGRESSIVE;
				CLANG_CXX_LANGUAGE_STANDARD = "gnu++20";
				CLANG_ENABLE_MODULES = YES;
				CLANG_ENABLE_OBJC_ARC = YES;
				CLANG_ENABLE_OBJC_WEAK = YES;
				CLANG_WARN_BLOCK_CAPTURE_AUTORELEASING = YES;
				CLANG_WARN_BOOL_CONVERSION = YES;
				CLANG_WARN_COMMA = YES;
				CLANG_WARN_CONSTANT_CONVERSION = YES;
				CLANG_WARN_DEPRECATED_OBJC_IMPLEMENTATIONS = YES;
				CLANG_WARN_DIRECT_OBJC_ISA_USAGE = YES_ERROR;
				CLANG_WARN_DOCUMENTATION_COMMENTS = YES;
				CLANG_WARN_EMPTY_BODY = YES;
				CLANG_WARN_ENUM_CONVERSION = YES;
				CLANG_WARN_INFINITE_RECURSION = YES;
				CLANG_WARN_INT_CONVERSION = YES;
				CLANG_WARN_NON_LITERAL_NULL_CONVERSION = YES;
				CLANG_WARN_OBJC_IMPLICIT_RETAIN_SELF = YES;
				CLANG_WARN_OBJC_LITERAL_CONVERSION = YES;
				CLANG_WARN_OBJC_ROOT_CLASS = YES_ERROR;
				CLANG_WARN_QUOTED_INCLUDE_IN_FRAMEWORK_HEADER = YES;
				CLANG_WARN_RANGE_LOOP_ANALYSIS = YES;
				CLANG_WARN_STRICT_PROTOTYPES = YES;
				CLANG_WARN_SUSPICIOUS_MOVE = YES;
				CLANG_WARN_UNGUARDED_AVAILABILITY = YES_AGGRESSIVE;
				CLANG_WARN_UNREACHABLE_CODE = YES;
				CLANG_WARN__DUPLICATE_METHOD_MATCH = YES;
				COPY_PHASE_STRIP = NO;
				DEBUG_INFORMATION_FORMAT = dwarf;
				ENABLE_STRICT_OBJC_MSGSEND = YES;
				ENABLE_TESTABILITY = YES;
				ENABLE_USER_SCRIPT_SANDBOXING = YES;
				GCC_C_LANGUAGE_STANDARD = gnu17;
				GCC_DYNAMIC_NO_PIC = NO;
				GCC_NO_COMMON_BLOCKS = YES;
				GCC_OPTIMIZATION_LEVEL = 0;
				GCC_PREPROCESSOR_DEFINITIONS = (
					"DEBUG=1",
					"$(inherited)",
				);
				GCC_WARN_64_TO_32_BIT_CONVERSION = YES;
				GCC_WARN_ABOUT_RETURN_TYPE = YES_ERROR;
				GCC_WARN_UNDECLARED_SELECTOR = YES;
				GCC_WARN_UNINITIALIZED_AUTOS = YES_AGGRESSIVE;
				GCC_WARN_UNUSED_FUNCTION = YES;
				GCC_WARN_UNUSED_VARIABLE = YES;
				IPHONEOS_DEPLOYMENT_TARGET = 17.5;
				LOCALIZATION_PREFERS_STRING_CATALOGS = YES;
				MTL_ENABLE_DEBUG_INFO = INCLUDE_SOURCE;
				MTL_FAST_MATH = YES;
				ONLY_ACTIVE_ARCH = YES;
				SDKROOT = iphoneos;
				SWIFT_ACTIVE_COMPILATION_CONDITIONS = "DEBUG $(inherited)";
				SWIFT_OPTIMIZATION_LEVEL = "-Onone";
			};
			name = Debug;
		};
		D8E6F1D42C81068A00F57314 /* Release */ = {
			isa = XCBuildConfiguration;
			buildSettings = {
				ALWAYS_SEARCH_USER_PATHS = NO;
				ASSETCATALOG_COMPILER_GENERATE_SWIFT_ASSET_SYMBOL_EXTENSIONS = YES;
				CLANG_ANALYZER_NONNULL = YES;
				CLANG_ANALYZER_NUMBER_OBJECT_CONVERSION = YES_AGGRESSIVE;
				CLANG_CXX_LANGUAGE_STANDARD = "gnu++20";
				CLANG_ENABLE_MODULES = YES;
				CLANG_ENABLE_OBJC_ARC = YES;
				CLANG_ENABLE_OBJC_WEAK = YES;
				CLANG_WARN_BLOCK_CAPTURE_AUTORELEASING = YES;
				CLANG_WARN_BOOL_CONVERSION = YES;
				CLANG_WARN_COMMA = YES;
				CLANG_WARN_CONSTANT_CONVERSION = YES;
				CLANG_WARN_DEPRECATED_OBJC_IMPLEMENTATIONS = YES;
				CLANG_WARN_DIRECT_OBJC_ISA_USAGE = YES_ERROR;
				CLANG_WARN_DOCUMENTATION_COMMENTS = YES;
				CLANG_WARN_EMPTY_BODY = YES;
				CLANG_WARN_ENUM_CONVERSION = YES;
				CLANG_WARN_INFINITE_RECURSION = YES;
				CLANG_WARN_INT_CONVERSION = YES;
				CLANG_WARN_NON_LITERAL_NULL_CONVERSION = YES;
				CLANG_WARN_OBJC_IMPLICIT_RETAIN_SELF = YES;
				CLANG_WARN_OBJC_LITERAL_CONVERSION = YES;
				CLANG_WARN_OBJC_ROOT_CLASS = YES_ERROR;
				CLANG_WARN_QUOTED_INCLUDE_IN_FRAMEWORK_HEADER = YES;
				CLANG_WARN_RANGE_LOOP_ANALYSIS = YES;
				CLANG_WARN_STRICT_PROTOTYPES = YES;
				CLANG_WARN_SUSPICIOUS_MOVE = YES;
				CLANG_WARN_UNGUARDED_AVAILABILITY = YES_AGGRESSIVE;
				CLANG_WARN_UNREACHABLE_CODE = YES;
				CLANG_WARN__DUPLICATE_METHOD_MATCH = YES;
				COPY_PHASE_STRIP = NO;
				DEBUG_INFORMATION_FORMAT = "dwarf-with-dsym";
				ENABLE_NS_ASSERTIONS = NO;
				ENABLE_STRICT_OBJC_MSGSEND = YES;
				ENABLE_USER_SCRIPT_SANDBOXING = YES;
				GCC_C_LANGUAGE_STANDARD = gnu17;
				GCC_NO_COMMON_BLOCKS = YES;
				GCC_WARN_64_TO_32_BIT_CONVERSION = YES;
				GCC_WARN_ABOUT_RETURN_TYPE = YES_ERROR;
				GCC_WARN_UNDECLARED_SELECTOR = YES;
				GCC_WARN_UNINITIALIZED_AUTOS = YES_AGGRESSIVE;
				GCC_WARN_UNUSED_FUNCTION = YES;
				GCC_WARN_UNUSED_VARIABLE = YES;
				IPHONEOS_DEPLOYMENT_TARGET = 17.5;
				LOCALIZATION_PREFERS_STRING_CATALOGS = YES;
				MTL_ENABLE_DEBUG_INFO = NO;
				MTL_FAST_MATH = YES;
				SDKROOT = iphoneos;
				SWIFT_COMPILATION_MODE = wholemodule;
				VALIDATE_PRODUCT = YES;
			};
			name = Release;
		};
		D8E6F1D62C81068A00F57314 /* Debug */ = {
			isa = XCBuildConfiguration;
			buildSettings = {
				ASSETCATALOG_COMPILER_APPICON_NAME = AppIcon;
				ASSETCATALOG_COMPILER_GLOBAL_ACCENT_COLOR_NAME = AccentColor;
				CODE_SIGN_STYLE = Automatic;
				CURRENT_PROJECT_VERSION = 1;
				DEVELOPMENT_TEAM = YM4BUS8N7P;
				GENERATE_INFOPLIST_FILE = YES;
				INFOPLIST_FILE = InstagramCloneFirebase/Info.plist;
				INFOPLIST_KEY_UIApplicationSupportsIndirectInputEvents = YES;
				INFOPLIST_KEY_UILaunchStoryboardName = LaunchScreen;
				INFOPLIST_KEY_UIMainStoryboardFile = Main;
				INFOPLIST_KEY_UISupportedInterfaceOrientations_iPad = "UIInterfaceOrientationPortrait UIInterfaceOrientationPortraitUpsideDown UIInterfaceOrientationLandscapeLeft UIInterfaceOrientationLandscapeRight";
				INFOPLIST_KEY_UISupportedInterfaceOrientations_iPhone = "UIInterfaceOrientationPortrait UIInterfaceOrientationLandscapeLeft UIInterfaceOrientationLandscapeRight";
				LD_RUNPATH_SEARCH_PATHS = (
					"$(inherited)",
					"@executable_path/Frameworks",
				);
				MARKETING_VERSION = 1.0;
				PRODUCT_BUNDLE_IDENTIFIER = com.beyzanurtekerek.InstagramCloneFirebase;
				PRODUCT_NAME = "$(TARGET_NAME)";
				SWIFT_EMIT_LOC_STRINGS = YES;
				SWIFT_VERSION = 5.0;
				TARGETED_DEVICE_FAMILY = "1,2";
			};
			name = Debug;
		};
		D8E6F1D72C81068A00F57314 /* Release */ = {
			isa = XCBuildConfiguration;
			buildSettings = {
				ASSETCATALOG_COMPILER_APPICON_NAME = AppIcon;
				ASSETCATALOG_COMPILER_GLOBAL_ACCENT_COLOR_NAME = AccentColor;
				CODE_SIGN_STYLE = Automatic;
				CURRENT_PROJECT_VERSION = 1;
				DEVELOPMENT_TEAM = YM4BUS8N7P;
				GENERATE_INFOPLIST_FILE = YES;
				INFOPLIST_FILE = InstagramCloneFirebase/Info.plist;
				INFOPLIST_KEY_UIApplicationSupportsIndirectInputEvents = YES;
				INFOPLIST_KEY_UILaunchStoryboardName = LaunchScreen;
				INFOPLIST_KEY_UIMainStoryboardFile = Main;
				INFOPLIST_KEY_UISupportedInterfaceOrientations_iPad = "UIInterfaceOrientationPortrait UIInterfaceOrientationPortraitUpsideDown UIInterfaceOrientationLandscapeLeft UIInterfaceOrientationLandscapeRight";
				INFOPLIST_KEY_UISupportedInterfaceOrientations_iPhone = "UIInterfaceOrientationPortrait UIInterfaceOrientationLandscapeLeft UIInterfaceOrientationLandscapeRight";
				LD_RUNPATH_SEARCH_PATHS = (
					"$(inherited)",
					"@executable_path/Frameworks",
				);
				MARKETING_VERSION = 1.0;
				PRODUCT_BUNDLE_IDENTIFIER = com.beyzanurtekerek.InstagramCloneFirebase;
				PRODUCT_NAME = "$(TARGET_NAME)";
				SWIFT_EMIT_LOC_STRINGS = YES;
				SWIFT_VERSION = 5.0;
				TARGETED_DEVICE_FAMILY = "1,2";
			};
			name = Release;
		};
		D8E6F1D92C81068A00F57314 /* Debug */ = {
			isa = XCBuildConfiguration;
			buildSettings = {
				ALWAYS_EMBED_SWIFT_STANDARD_LIBRARIES = YES;
				BUNDLE_LOADER = "$(TEST_HOST)";
				CODE_SIGN_STYLE = Automatic;
				CURRENT_PROJECT_VERSION = 1;
				DEVELOPMENT_TEAM = YM4BUS8N7P;
				GENERATE_INFOPLIST_FILE = YES;
				IPHONEOS_DEPLOYMENT_TARGET = 17.5;
				MARKETING_VERSION = 1.0;
				PRODUCT_BUNDLE_IDENTIFIER = com.beyzanurtekerek.InstagramCloneFirebaseTests;
				PRODUCT_NAME = "$(TARGET_NAME)";
				SWIFT_EMIT_LOC_STRINGS = NO;
				SWIFT_VERSION = 5.0;
				TARGETED_DEVICE_FAMILY = "1,2";
				TEST_HOST = "$(BUILT_PRODUCTS_DIR)/InstagramCloneFirebase.app/$(BUNDLE_EXECUTABLE_FOLDER_PATH)/InstagramCloneFirebase";
			};
			name = Debug;
		};
		D8E6F1DA2C81068A00F57314 /* Release */ = {
			isa = XCBuildConfiguration;
			buildSettings = {
				ALWAYS_EMBED_SWIFT_STANDARD_LIBRARIES = YES;
				BUNDLE_LOADER = "$(TEST_HOST)";
				CODE_SIGN_STYLE = Automatic;
				CURRENT_PROJECT_VERSION = 1;
				DEVELOPMENT_TEAM = YM4BUS8N7P;
				GENERATE_INFOPLIST_FILE = YES;
				IPHONEOS_DEPLOYMENT_TARGET = 17.5;
				MARKETING_VERSION = 1.0;
				PRODUCT_BUNDLE_IDENTIFIER = com.beyzanurtekerek.InstagramCloneFirebaseTests;
				PRODUCT_NAME = "$(TARGET_NAME)";
				SWIFT_EMIT_LOC_STRINGS = NO;
				SWIFT_VERSION = 5.0;
				TARGETED_DEVICE_FAMILY = "1,2";
				TEST_HOST = "$(BUILT_PRODUCTS_DIR)/InstagramCloneFirebase.app/$(BUNDLE_EXECUTABLE_FOLDER_PATH)/InstagramCloneFirebase";
			};
			name = Release;
		};
		D8E6F1DC2C81068A00F57314 /* Debug */ = {
			isa = XCBuildConfiguration;
			buildSettings = {
				ALWAYS_EMBED_SWIFT_STANDARD_LIBRARIES = YES;
				CODE_SIGN_STYLE = Automatic;
				CURRENT_PROJECT_VERSION = 1;
				DEVELOPMENT_TEAM = YM4BUS8N7P;
				GENERATE_INFOPLIST_FILE = YES;
				MARKETING_VERSION = 1.0;
				PRODUCT_BUNDLE_IDENTIFIER = com.beyzanurtekerek.InstagramCloneFirebaseUITests;
				PRODUCT_NAME = "$(TARGET_NAME)";
				SWIFT_EMIT_LOC_STRINGS = NO;
				SWIFT_VERSION = 5.0;
				TARGETED_DEVICE_FAMILY = "1,2";
				TEST_TARGET_NAME = InstagramCloneFirebase;
			};
			name = Debug;
		};
		D8E6F1DD2C81068A00F57314 /* Release */ = {
			isa = XCBuildConfiguration;
			buildSettings = {
				ALWAYS_EMBED_SWIFT_STANDARD_LIBRARIES = YES;
				CODE_SIGN_STYLE = Automatic;
				CURRENT_PROJECT_VERSION = 1;
				DEVELOPMENT_TEAM = YM4BUS8N7P;
				GENERATE_INFOPLIST_FILE = YES;
				MARKETING_VERSION = 1.0;
				PRODUCT_BUNDLE_IDENTIFIER = com.beyzanurtekerek.InstagramCloneFirebaseUITests;
				PRODUCT_NAME = "$(TARGET_NAME)";
				SWIFT_EMIT_LOC_STRINGS = NO;
				SWIFT_VERSION = 5.0;
				TARGETED_DEVICE_FAMILY = "1,2";
				TEST_TARGET_NAME = InstagramCloneFirebase;
			};
			name = Release;
		};
/* End XCBuildConfiguration section */

/* Begin XCConfigurationList section */
		D8E6F1A62C81068900F57314 /* Build configuration list for PBXProject "InstagramCloneFirebase" */ = {
			isa = XCConfigurationList;
			buildConfigurations = (
				D8E6F1D32C81068A00F57314 /* Debug */,
				D8E6F1D42C81068A00F57314 /* Release */,
			);
			defaultConfigurationIsVisible = 0;
			defaultConfigurationName = Release;
		};
		D8E6F1D52C81068A00F57314 /* Build configuration list for PBXNativeTarget "InstagramCloneFirebase" */ = {
			isa = XCConfigurationList;
			buildConfigurations = (
				D8E6F1D62C81068A00F57314 /* Debug */,
				D8E6F1D72C81068A00F57314 /* Release */,
			);
			defaultConfigurationIsVisible = 0;
			defaultConfigurationName = Release;
		};
		D8E6F1D82C81068A00F57314 /* Build configuration list for PBXNativeTarget "InstagramCloneFirebaseTests" */ = {
			isa = XCConfigurationList;
			buildConfigurations = (
				D8E6F1D92C81068A00F57314 /* Debug */,
				D8E6F1DA2C81068A00F57314 /* Release */,
			);
			defaultConfigurationIsVisible = 0;
			defaultConfigurationName = Release;
		};
		D8E6F1DB2C81068A00F57314 /* Build configuration list for PBXNativeTarget "InstagramCloneFirebaseUITests" */ = {
			isa = XCConfigurationList;
			buildConfigurations = (
				D8E6F1DC2C81068A00F57314 /* Debug */,
				D8E6F1DD2C81068A00F57314 /* Release */,
			);
			defaultConfigurationIsVisible = 0;
			defaultConfigurationName = Release;
		};
/* End XCConfigurationList section */
	};
	rootObject = D8E6F1A32C81068900F57314 /* Project object */;
}
